
Microsoft Visual Studio Solution File, Format Version 12.00
# Visual Studio 14
VisualStudioVersion = 14.0.25420.1
MinimumVisualStudioVersion = 10.0.40219.1
Project("{FAE04EC0-301F-11D3-BF4B-00C04F79EFBC}") = "Jacobi.Zim80", "Jacobi.Zim80\Jacobi.Zim80.csproj", "{CCB0CD3F-799B-474C-9BE8-14BFABEFC2B2}"
EndProject
Project("{FAE04EC0-301F-11D3-BF4B-00C04F79EFBC}") = "Jacobi.Sim80.UnitTests", "Jacobi.Zim80.UnitTests\Jacobi.Sim80.UnitTests.csproj", "{4EF86D7F-3F04-44BB-BCDF-DDD060461D70}"
EndProject
Project("{2150E333-8FDC-42A3-9474-1A3956D46DE8}") = "Solution Items", "Solution Items", "{B252E763-82AE-48E7-BB99-C9B4FC20ED73}"
	ProjectSection(SolutionItems) = preProject
		readme.md = readme.md
	EndProjectSection
EndProject
Global
	GlobalSection(SolutionConfigurationPlatforms) = preSolution
		Debug|Any CPU = Debug|Any CPU
		Release|Any CPU = Release|Any CPU
	EndGlobalSection
	GlobalSection(ProjectConfigurationPlatforms) = postSolution
		{CCB0CD3F-799B-474C-9BE8-14BFABEFC2B2}.Debug|Any CPU.ActiveCfg = Debug|Any CPU
		{CCB0CD3F-799B-474C-9BE8-14BFABEFC2B2}.Debug|Any CPU.Build.0 = Debug|Any CPU
		{CCB0CD3F-799B-474C-9BE8-14BFABEFC2B2}.Release|Any CPU.ActiveCfg = Release|Any CPU
		{CCB0CD3F-799B-474C-9BE8-14BFABEFC2B2}.Release|Any CPU.Build.0 = Release|Any CPU
		{4EF86D7F-3F04-44BB-BCDF-DDD060461D70}.Debug|Any CPU.ActiveCfg = Debug|Any CPU
		{4EF86D7F-3F04-44BB-BCDF-DDD060461D70}.Debug|Any CPU.Build.0 = Debug|Any CPU
		{4EF86D7F-3F04-44BB-BCDF-DDD060461D70}.Release|Any CPU.ActiveCfg = Release|Any CPU
		{4EF86D7F-3F04-44BB-BCDF-DDD060461D70}.Release|Any CPU.Build.0 = Release|Any CPU
	EndGlobalSection
	GlobalSection(SolutionProperties) = preSolution
		HideSolutionNode = FALSE
	EndGlobalSection
EndGlobal
